
Microsoft Visual Studio Solution File, Format Version 12.00
# Visual Studio Version 17
VisualStudioVersion = 17.3.32929.385
MinimumVisualStudioVersion = 10.0.40219.1
Project("{FAE04EC0-301F-11D3-BF4B-00C04F79EFBC}") = "TestInstall", "TestInstall\TestInstall.csproj", "{C42D9B4F-25D7-4135-9809-3FD7E1433B76}"
EndProject
Global
	GlobalSection(SolutionConfigurationPlatforms) = preSolution
		Debug|Any CPU = Debug|Any CPU
		Release|Any CPU = Release|Any CPU
	EndGlobalSection
	GlobalSection(ProjectConfigurationPlatforms) = postSolution
		{C42D9B4F-25D7-4135-9809-3FD7E1433B76}.Debug|Any CPU.ActiveCfg = Debug|Any CPU
		{C42D9B4F-25D7-4135-9809-3FD7E1433B76}.Debug|Any CPU.Build.0 = Debug|Any CPU
		{C42D9B4F-25D7-4135-9809-3FD7E1433B76}.Release|Any CPU.ActiveCfg = Release|Any CPU
		{C42D9B4F-25D7-4135-9809-3FD7E1433B76}.Release|Any CPU.Build.0 = Release|Any CPU
	EndGlobalSection
	GlobalSection(SolutionProperties) = preSolution
		HideSolutionNode = FALSE
	EndGlobalSection
	GlobalSection(ExtensibilityGlobals) = postSolution
		SolutionGuid = {F03955EE-31C6-4C3B-8459-1AEA1948512F}
	EndGlobalSection
EndGlobal
